
Microsoft Visual Studio Solution File, Format Version 12.00
# Visual Studio Version 17
VisualStudioVersion = 17.14.36414.22
MinimumVisualStudioVersion = 10.0.40219.1
Project("{2150E333-8FDC-42A3-9474-1A3956D46DE8}") = "Task0", "Task0", "{02EA681E-C7D8-13C7-8484-4AC65E1B71E8}"
EndProject
Project("{FAE04EC0-301F-11D3-BF4B-00C04F79EFBC}") = "Tyuiu.KovalenkoMA.Sprint1.Task0.V9", "Tyuiu.KovalenkoMA.Sprint1.Task0.V9\Tyuiu.KovalenkoMA.Sprint1.Task0.V9.csproj", "{8A640E8E-5ADC-4BEB-A050-D5C143011367}"
EndProject
Project("{FAE04EC0-301F-11D3-BF4B-00C04F79EFBC}") = "Tyuiu.KovalenkoMA.Sprint1.Task0.V9.Test", "Tyuiu.KovalenkoMA.Sprint1.Task0.V9.Test\Tyuiu.KovalenkoMA.Sprint1.Task0.V9.Test.csproj", "{EB3DCB52-4854-4A4A-98D2-E1559F933F39}"
EndProject
Project("{FAE04EC0-301F-11D3-BF4B-00C04F79EFBC}") = "Tyuiu.KovalenkoMA.Sprint1.Task0.V9.Lib", "Tyuiu.KovalenkoMA.Sprint1.Task0.V9.Lib\Tyuiu.KovalenkoMA.Sprint1.Task0.V9.Lib.csproj", "{90DAAC34-792E-464C-ADBC-F142798B5834}"
EndProject
Project("{2150E333-8FDC-42A3-9474-1A3956D46DE8}") = "Task1", "Task1", "{69F0B56F-7A1A-45A8-99FE-1963B30B29F0}"
EndProject
Project("{FAE04EC0-301F-11D3-BF4B-00C04F79EFBC}") = "Tyuiu.KovalenkoMA.Sprint1.Task1.V29.Lib", "Tyuiu.KovalenkoMA.Sprint1.Task1.V29.Lib\Tyuiu.KovalenkoMA.Sprint1.Task1.V29.Lib.csproj", "{24C0BE07-9F22-46EE-9492-8BBA895E316E}"
EndProject
Project("{FAE04EC0-301F-11D3-BF4B-00C04F79EFBC}") = "Tyuiu.KovalenkoMA.Sprint1.Task1.V29.Test", "Tyuiu.KovalenkoMA.Sprint1.Task1.V29.Test\Tyuiu.KovalenkoMA.Sprint1.Task1.V29.Test.csproj", "{A193A071-E442-427B-AEEA-9E7F873F5DA7}"
EndProject
Project("{FAE04EC0-301F-11D3-BF4B-00C04F79EFBC}") = "Tyuiu.KovalenkoMA.Sprint1.Task1.V29", "Tyuiu.KovalenkoMA.Sprint1.Task1.V29\Tyuiu.KovalenkoMA.Sprint1.Task1.V29.csproj", "{C2B1A05B-C584-484B-8C48-9F97D5F8EADE}"
EndProject
Project("{2150E333-8FDC-42A3-9474-1A3956D46DE8}") = "Task2", "Task2", "{D7F3DB13-3733-4169-B4B6-95996EC7CC6B}"
EndProject
Project("{FAE04EC0-301F-11D3-BF4B-00C04F79EFBC}") = "Tyuiu.KovalenkoMA.Sprint1.Task2.V29", "Tyuiu.KovalenkoMA.Sprint1.Task2.V29\Tyuiu.KovalenkoMA.Sprint1.Task2.V29.csproj", "{7AE10664-2BC0-44AD-B13A-4FA103CAA571}"
EndProject
Project("{FAE04EC0-301F-11D3-BF4B-00C04F79EFBC}") = "Tyuiu.KovalenkoMA.Sprint1.Task2.V29.Lib", "Tyuiu.KovalenkoMA.Sprint1.Task2.V29.Lib\Tyuiu.KovalenkoMA.Sprint1.Task2.V29.Lib.csproj", "{5E9322B9-7439-42E3-BC62-278C91FF9F4C}"
EndProject
Project("{FAE04EC0-301F-11D3-BF4B-00C04F79EFBC}") = "Tyuiu.KovalenkoMA.Sprint1.Task2.V29.Test", "Tyuiu.KovalenkoMA.Sprint1.Task2.V29.Test\Tyuiu.KovalenkoMA.Sprint1.Task2.V29.Test.csproj", "{9EB8F8DA-15CC-494A-BB58-FACACCD033DF}"
EndProject
Project("{2150E333-8FDC-42A3-9474-1A3956D46DE8}") = "Task3", "Task3", "{C89E83BF-1CCA-4D94-AA90-780B9B920967}"
EndProject
Project("{FAE04EC0-301F-11D3-BF4B-00C04F79EFBC}") = "Tyuiu.KovalenkoMA.Sprint1.Task3.V5.Test", "Tyuiu.KovalenkoMA.Sprint1.Task3.V5.Test\Tyuiu.KovalenkoMA.Sprint1.Task3.V5.Test.csproj", "{E216EE8A-B95D-40F6-833B-59A5E281899E}"
EndProject
Project("{FAE04EC0-301F-11D3-BF4B-00C04F79EFBC}") = "Tyuiu.KovalenkoMA.Sprint1.Task3.V5.Lib", "Tyuiu.KovalenkoMA.Sprint1.Task3.V5.Lib\Tyuiu.KovalenkoMA.Sprint1.Task3.V5.Lib.csproj", "{D9267B69-1BBA-4C2C-BF46-E80B9857A60A}"
EndProject
Project("{FAE04EC0-301F-11D3-BF4B-00C04F79EFBC}") = "Tyuiu.KovalenkoMA.Sprint1.Task3.V5", "Tyuiu.KovalenkoMA.Sprint1.Task3.V5\Tyuiu.KovalenkoMA.Sprint1.Task3.V5.csproj", "{B3102900-0DA5-497D-92FE-190E612A0D86}"
EndProject
Project("{2150E333-8FDC-42A3-9474-1A3956D46DE8}") = "Task4", "Task4", "{610EC2D8-FAA1-41BC-AD56-789296CA0834}"
EndProject
Project("{FAE04EC0-301F-11D3-BF4B-00C04F79EFBC}") = "Tyuiu.KovalenkoMA.Sprint1.Task4.V8", "Tyuiu.KovalenkoMA.Sprint1.Task4.V8\Tyuiu.KovalenkoMA.Sprint1.Task4.V8.csproj", "{462FFD5E-7619-4F30-9433-A466A43F7ABB}"
EndProject
Project("{FAE04EC0-301F-11D3-BF4B-00C04F79EFBC}") = "Tyuiu.KovalenkoMA.Sprint1.Task4.V8.Lib", "Tyuiu.KovalenkoMA.Sprint1.Task4.V8.Lib\Tyuiu.KovalenkoMA.Sprint1.Task4.V8.Lib.csproj", "{AD0D75FD-48B7-4BFE-8011-3B168FAA08FB}"
EndProject
Project("{FAE04EC0-301F-11D3-BF4B-00C04F79EFBC}") = "Tyuiu.KovalenkoMA.Sprint1.Task4.V8.Test", "Tyuiu.KovalenkoMA.Sprint1.Task4.V8.Test\Tyuiu.KovalenkoMA.Sprint1.Task4.V8.Test.csproj", "{20667675-9DC6-4099-8B57-D7F003ADBF0D}"
EndProject
Project("{2150E333-8FDC-42A3-9474-1A3956D46DE8}") = "Task5", "Task5", "{099DE478-6786-4CBC-90AA-8A7BEAC543EF}"
EndProject
Project("{FAE04EC0-301F-11D3-BF4B-00C04F79EFBC}") = "Tyuiu.KovalenkoMA.Sprint1.Task5.V6.Test", "Tyuiu.KovalenkoMA.Sprint1.Task5.V6.Test\Tyuiu.KovalenkoMA.Sprint1.Task5.V6.Test.csproj", "{09E09C8B-80EA-4485-BF14-D037C8C7F84C}"
EndProject
Project("{FAE04EC0-301F-11D3-BF4B-00C04F79EFBC}") = "Tyuiu.KovalenkoMA.Sprint1.Task5.V6.Lib", "Tyuiu.KovalenkoMA.Sprint1.Task5.V6.Lib\Tyuiu.KovalenkoMA.Sprint1.Task5.V6.Lib.csproj", "{3F5E324C-54E6-49BD-A25E-BEF789798AD6}"
EndProject
Project("{FAE04EC0-301F-11D3-BF4B-00C04F79EFBC}") = "Tyuiu.KovalenkoMA.Sprint1.Task5.V6", "Tyuiu.KovalenkoMA.Sprint1.Task5.V6\Tyuiu.KovalenkoMA.Sprint1.Task5.V6.csproj", "{2CB48366-A715-4A4D-B0B4-75F559BC0687}"
EndProject
Project("{2150E333-8FDC-42A3-9474-1A3956D46DE8}") = "Task6", "Task6", "{EEBE10BE-2E48-4B76-B112-E188730A7A16}"
EndProject
Project("{FAE04EC0-301F-11D3-BF4B-00C04F79EFBC}") = "Tyuiu.KovalenkoMA.Sprint1.Task6.V3", "Tyuiu.KovalenkoMA.Sprint1.Task6.V3\Tyuiu.KovalenkoMA.Sprint1.Task6.V3.csproj", "{975C8ACB-5256-4AB0-9AE5-6649A8705CC3}"
EndProject
Project("{FAE04EC0-301F-11D3-BF4B-00C04F79EFBC}") = "Tyuiu.KovalenkoMA.Sprint1.Task6.V3.Lib", "Tyuiu.KovalenkoMA.Sprint1.Task6.V3.Lib\Tyuiu.KovalenkoMA.Sprint1.Task6.V3.Lib.csproj", "{2C13BC29-AB81-4FEE-AB32-74C3A4F636A8}"
EndProject
Project("{FAE04EC0-301F-11D3-BF4B-00C04F79EFBC}") = "Tyuiu.KovalenkoMA.Sprint1.Task6.V3.Test", "Tyuiu.KovalenkoMA.Sprint1.Task6.V3.Test\Tyuiu.KovalenkoMA.Sprint1.Task6.V3.Test.csproj", "{C187D692-FABF-42DB-90B1-E54BD4AC9FD9}"
EndProject
Global
	GlobalSection(SolutionConfigurationPlatforms) = preSolution
		Debug|Any CPU = Debug|Any CPU
		Release|Any CPU = Release|Any CPU
	EndGlobalSection
	GlobalSection(ProjectConfigurationPlatforms) = postSolution
		{8A640E8E-5ADC-4BEB-A050-D5C143011367}.Debug|Any CPU.ActiveCfg = Debug|Any CPU
		{8A640E8E-5ADC-4BEB-A050-D5C143011367}.Debug|Any CPU.Build.0 = Debug|Any CPU
		{8A640E8E-5ADC-4BEB-A050-D5C143011367}.Release|Any CPU.ActiveCfg = Release|Any CPU
		{8A640E8E-5ADC-4BEB-A050-D5C143011367}.Release|Any CPU.Build.0 = Release|Any CPU
		{EB3DCB52-4854-4A4A-98D2-E1559F933F39}.Debug|Any CPU.ActiveCfg = Debug|Any CPU
		{EB3DCB52-4854-4A4A-98D2-E1559F933F39}.Debug|Any CPU.Build.0 = Debug|Any CPU
		{EB3DCB52-4854-4A4A-98D2-E1559F933F39}.Release|Any CPU.ActiveCfg = Release|Any CPU
		{EB3DCB52-4854-4A4A-98D2-E1559F933F39}.Release|Any CPU.Build.0 = Release|Any CPU
		{90DAAC34-792E-464C-ADBC-F142798B5834}.Debug|Any CPU.ActiveCfg = Debug|Any CPU
		{90DAAC34-792E-464C-ADBC-F142798B5834}.Debug|Any CPU.Build.0 = Debug|Any CPU
		{90DAAC34-792E-464C-ADBC-F142798B5834}.Release|Any CPU.ActiveCfg = Release|Any CPU
		{90DAAC34-792E-464C-ADBC-F142798B5834}.Release|Any CPU.Build.0 = Release|Any CPU
		{24C0BE07-9F22-46EE-9492-8BBA895E316E}.Debug|Any CPU.ActiveCfg = Debug|Any CPU
		{24C0BE07-9F22-46EE-9492-8BBA895E316E}.Debug|Any CPU.Build.0 = Debug|Any CPU
		{24C0BE07-9F22-46EE-9492-8BBA895E316E}.Release|Any CPU.ActiveCfg = Release|Any CPU
		{24C0BE07-9F22-46EE-9492-8BBA895E316E}.Release|Any CPU.Build.0 = Release|Any CPU
		{A193A071-E442-427B-AEEA-9E7F873F5DA7}.Debug|Any CPU.ActiveCfg = Debug|Any CPU
		{A193A071-E442-427B-AEEA-9E7F873F5DA7}.Debug|Any CPU.Build.0 = Debug|Any CPU
		{A193A071-E442-427B-AEEA-9E7F873F5DA7}.Release|Any CPU.ActiveCfg = Release|Any CPU
		{A193A071-E442-427B-AEEA-9E7F873F5DA7}.Release|Any CPU.Build.0 = Release|Any CPU
		{C2B1A05B-C584-484B-8C48-9F97D5F8EADE}.Debug|Any CPU.ActiveCfg = Debug|Any CPU
		{C2B1A05B-C584-484B-8C48-9F97D5F8EADE}.Debug|Any CPU.Build.0 = Debug|Any CPU
		{C2B1A05B-C584-484B-8C48-9F97D5F8EADE}.Release|Any CPU.ActiveCfg = Release|Any CPU
		{C2B1A05B-C584-484B-8C48-9F97D5F8EADE}.Release|Any CPU.Build.0 = Release|Any CPU
		{7AE10664-2BC0-44AD-B13A-4FA103CAA571}.Debug|Any CPU.ActiveCfg = Debug|Any CPU
		{7AE10664-2BC0-44AD-B13A-4FA103CAA571}.Debug|Any CPU.Build.0 = Debug|Any CPU
		{7AE10664-2BC0-44AD-B13A-4FA103CAA571}.Release|Any CPU.ActiveCfg = Release|Any CPU
		{7AE10664-2BC0-44AD-B13A-4FA103CAA571}.Release|Any CPU.Build.0 = Release|Any CPU
		{5E9322B9-7439-42E3-BC62-278C91FF9F4C}.Debug|Any CPU.ActiveCfg = Debug|Any CPU
		{5E9322B9-7439-42E3-BC62-278C91FF9F4C}.Debug|Any CPU.Build.0 = Debug|Any CPU
		{5E9322B9-7439-42E3-BC62-278C91FF9F4C}.Release|Any CPU.ActiveCfg = Release|Any CPU
		{5E9322B9-7439-42E3-BC62-278C91FF9F4C}.Release|Any CPU.Build.0 = Release|Any CPU
		{9EB8F8DA-15CC-494A-BB58-FACACCD033DF}.Debug|Any CPU.ActiveCfg = Debug|Any CPU
		{9EB8F8DA-15CC-494A-BB58-FACACCD033DF}.Debug|Any CPU.Build.0 = Debug|Any CPU
		{9EB8F8DA-15CC-494A-BB58-FACACCD033DF}.Release|Any CPU.ActiveCfg = Release|Any CPU
		{9EB8F8DA-15CC-494A-BB58-FACACCD033DF}.Release|Any CPU.Build.0 = Release|Any CPU
		{E216EE8A-B95D-40F6-833B-59A5E281899E}.Debug|Any CPU.ActiveCfg = Debug|Any CPU
		{E216EE8A-B95D-40F6-833B-59A5E281899E}.Debug|Any CPU.Build.0 = Debug|Any CPU
		{E216EE8A-B95D-40F6-833B-59A5E281899E}.Release|Any CPU.ActiveCfg = Release|Any CPU
		{E216EE8A-B95D-40F6-833B-59A5E281899E}.Release|Any CPU.Build.0 = Release|Any CPU
		{D9267B69-1BBA-4C2C-BF46-E80B9857A60A}.Debug|Any CPU.ActiveCfg = Debug|Any CPU
		{D9267B69-1BBA-4C2C-BF46-E80B9857A60A}.Debug|Any CPU.Build.0 = Debug|Any CPU
		{D9267B69-1BBA-4C2C-BF46-E80B9857A60A}.Release|Any CPU.ActiveCfg = Release|Any CPU
		{D9267B69-1BBA-4C2C-BF46-E80B9857A60A}.Release|Any CPU.Build.0 = Release|Any CPU
		{B3102900-0DA5-497D-92FE-190E612A0D86}.Debug|Any CPU.ActiveCfg = Debug|Any CPU
		{B3102900-0DA5-497D-92FE-190E612A0D86}.Debug|Any CPU.Build.0 = Debug|Any CPU
		{B3102900-0DA5-497D-92FE-190E612A0D86}.Release|Any CPU.ActiveCfg = Release|Any CPU
		{B3102900-0DA5-497D-92FE-190E612A0D86}.Release|Any CPU.Build.0 = Release|Any CPU
		{462FFD5E-7619-4F30-9433-A466A43F7ABB}.Debug|Any CPU.ActiveCfg = Debug|Any CPU
		{462FFD5E-7619-4F30-9433-A466A43F7ABB}.Debug|Any CPU.Build.0 = Debug|Any CPU
		{462FFD5E-7619-4F30-9433-A466A43F7ABB}.Release|Any CPU.ActiveCfg = Release|Any CPU
		{462FFD5E-7619-4F30-9433-A466A43F7ABB}.Release|Any CPU.Build.0 = Release|Any CPU
		{AD0D75FD-48B7-4BFE-8011-3B168FAA08FB}.Debug|Any CPU.ActiveCfg = Debug|Any CPU
		{AD0D75FD-48B7-4BFE-8011-3B168FAA08FB}.Debug|Any CPU.Build.0 = Debug|Any CPU
		{AD0D75FD-48B7-4BFE-8011-3B168FAA08FB}.Release|Any CPU.ActiveCfg = Release|Any CPU
		{AD0D75FD-48B7-4BFE-8011-3B168FAA08FB}.Release|Any CPU.Build.0 = Release|Any CPU
		{20667675-9DC6-4099-8B57-D7F003ADBF0D}.Debug|Any CPU.ActiveCfg = Debug|Any CPU
		{20667675-9DC6-4099-8B57-D7F003ADBF0D}.Debug|Any CPU.Build.0 = Debug|Any CPU
		{20667675-9DC6-4099-8B57-D7F003ADBF0D}.Release|Any CPU.ActiveCfg = Release|Any CPU
		{20667675-9DC6-4099-8B57-D7F003ADBF0D}.Release|Any CPU.Build.0 = Release|Any CPU
		{09E09C8B-80EA-4485-BF14-D037C8C7F84C}.Debug|Any CPU.ActiveCfg = Debug|Any CPU
		{09E09C8B-80EA-4485-BF14-D037C8C7F84C}.Debug|Any CPU.Build.0 = Debug|Any CPU
		{09E09C8B-80EA-4485-BF14-D037C8C7F84C}.Release|Any CPU.ActiveCfg = Release|Any CPU
		{09E09C8B-80EA-4485-BF14-D037C8C7F84C}.Release|Any CPU.Build.0 = Release|Any CPU
		{3F5E324C-54E6-49BD-A25E-BEF789798AD6}.Debug|Any CPU.ActiveCfg = Debug|Any CPU
		{3F5E324C-54E6-49BD-A25E-BEF789798AD6}.Debug|Any CPU.Build.0 = Debug|Any CPU
		{3F5E324C-54E6-49BD-A25E-BEF789798AD6}.Release|Any CPU.ActiveCfg = Release|Any CPU
		{3F5E324C-54E6-49BD-A25E-BEF789798AD6}.Release|Any CPU.Build.0 = Release|Any CPU
		{2CB48366-A715-4A4D-B0B4-75F559BC0687}.Debug|Any CPU.ActiveCfg = Debug|Any CPU
		{2CB48366-A715-4A4D-B0B4-75F559BC0687}.Debug|Any CPU.Build.0 = Debug|Any CPU
		{2CB48366-A715-4A4D-B0B4-75F559BC0687}.Release|Any CPU.ActiveCfg = Release|Any CPU
		{2CB48366-A715-4A4D-B0B4-75F559BC0687}.Release|Any CPU.Build.0 = Release|Any CPU
		{975C8ACB-5256-4AB0-9AE5-6649A8705CC3}.Debug|Any CPU.ActiveCfg = Debug|Any CPU
		{975C8ACB-5256-4AB0-9AE5-6649A8705CC3}.Debug|Any CPU.Build.0 = Debug|Any CPU
		{975C8ACB-5256-4AB0-9AE5-6649A8705CC3}.Release|Any CPU.ActiveCfg = Release|Any CPU
		{975C8ACB-5256-4AB0-9AE5-6649A8705CC3}.Release|Any CPU.Build.0 = Release|Any CPU
		{2C13BC29-AB81-4FEE-AB32-74C3A4F636A8}.Debug|Any CPU.ActiveCfg = Debug|Any CPU
		{2C13BC29-AB81-4FEE-AB32-74C3A4F636A8}.Debug|Any CPU.Build.0 = Debug|Any CPU
		{2C13BC29-AB81-4FEE-AB32-74C3A4F636A8}.Release|Any CPU.ActiveCfg = Release|Any CPU
		{2C13BC29-AB81-4FEE-AB32-74C3A4F636A8}.Release|Any CPU.Build.0 = Release|Any CPU
		{C187D692-FABF-42DB-90B1-E54BD4AC9FD9}.Debug|Any CPU.ActiveCfg = Debug|Any CPU
		{C187D692-FABF-42DB-90B1-E54BD4AC9FD9}.Debug|Any CPU.Build.0 = Debug|Any CPU
		{C187D692-FABF-42DB-90B1-E54BD4AC9FD9}.Release|Any CPU.ActiveCfg = Release|Any CPU
		{C187D692-FABF-42DB-90B1-E54BD4AC9FD9}.Release|Any CPU.Build.0 = Release|Any CPU
	EndGlobalSection
	GlobalSection(SolutionProperties) = preSolution
		HideSolutionNode = FALSE
	EndGlobalSection
	GlobalSection(NestedProjects) = preSolution
		{8A640E8E-5ADC-4BEB-A050-D5C143011367} = {02EA681E-C7D8-13C7-8484-4AC65E1B71E8}
		{EB3DCB52-4854-4A4A-98D2-E1559F933F39} = {02EA681E-C7D8-13C7-8484-4AC65E1B71E8}
		{90DAAC34-792E-464C-ADBC-F142798B5834} = {02EA681E-C7D8-13C7-8484-4AC65E1B71E8}
		{24C0BE07-9F22-46EE-9492-8BBA895E316E} = {69F0B56F-7A1A-45A8-99FE-1963B30B29F0}
		{A193A071-E442-427B-AEEA-9E7F873F5DA7} = {69F0B56F-7A1A-45A8-99FE-1963B30B29F0}
		{C2B1A05B-C584-484B-8C48-9F97D5F8EADE} = {69F0B56F-7A1A-45A8-99FE-1963B30B29F0}
		{7AE10664-2BC0-44AD-B13A-4FA103CAA571} = {D7F3DB13-3733-4169-B4B6-95996EC7CC6B}
		{5E9322B9-7439-42E3-BC62-278C91FF9F4C} = {D7F3DB13-3733-4169-B4B6-95996EC7CC6B}
		{9EB8F8DA-15CC-494A-BB58-FACACCD033DF} = {D7F3DB13-3733-4169-B4B6-95996EC7CC6B}
		{E216EE8A-B95D-40F6-833B-59A5E281899E} = {C89E83BF-1CCA-4D94-AA90-780B9B920967}
		{D9267B69-1BBA-4C2C-BF46-E80B9857A60A} = {C89E83BF-1CCA-4D94-AA90-780B9B920967}
		{B3102900-0DA5-497D-92FE-190E612A0D86} = {C89E83BF-1CCA-4D94-AA90-780B9B920967}
		{462FFD5E-7619-4F30-9433-A466A43F7ABB} = {610EC2D8-FAA1-41BC-AD56-789296CA0834}
		{AD0D75FD-48B7-4BFE-8011-3B168FAA08FB} = {610EC2D8-FAA1-41BC-AD56-789296CA0834}
		{20667675-9DC6-4099-8B57-D7F003ADBF0D} = {610EC2D8-FAA1-41BC-AD56-789296CA0834}
		{09E09C8B-80EA-4485-BF14-D037C8C7F84C} = {099DE478-6786-4CBC-90AA-8A7BEAC543EF}
		{3F5E324C-54E6-49BD-A25E-BEF789798AD6} = {099DE478-6786-4CBC-90AA-8A7BEAC543EF}
		{2CB48366-A715-4A4D-B0B4-75F559BC0687} = {099DE478-6786-4CBC-90AA-8A7BEAC543EF}
		{975C8ACB-5256-4AB0-9AE5-6649A8705CC3} = {EEBE10BE-2E48-4B76-B112-E188730A7A16}
		{2C13BC29-AB81-4FEE-AB32-74C3A4F636A8} = {EEBE10BE-2E48-4B76-B112-E188730A7A16}
		{C187D692-FABF-42DB-90B1-E54BD4AC9FD9} = {EEBE10BE-2E48-4B76-B112-E188730A7A16}
	EndGlobalSection
	GlobalSection(ExtensibilityGlobals) = postSolution
		SolutionGuid = {607DDEDC-4753-4555-A36D-58F720857C8C}
	EndGlobalSection
EndGlobal
